
Microsoft Visual Studio Solution File, Format Version 12.00
# Visual Studio Version 16
VisualStudioVersion = 16.0.31112.23
MinimumVisualStudioVersion = 10.0.40219.1
Project("{FAE04EC0-301F-11D3-BF4B-00C04F79EFBC}") = "2LB-2", "2LB-2\2LB-2.csproj", "{37F8FED9-8643-479C-AD5A-F92F921BE069}"
EndProject
Global
	GlobalSection(SolutionConfigurationPlatforms) = preSolution
		Debug|Any CPU = Debug|Any CPU
		Release|Any CPU = Release|Any CPU
	EndGlobalSection
	GlobalSection(ProjectConfigurationPlatforms) = postSolution
		{37F8FED9-8643-479C-AD5A-F92F921BE069}.Debug|Any CPU.ActiveCfg = Debug|Any CPU
		{37F8FED9-8643-479C-AD5A-F92F921BE069}.Debug|Any CPU.Build.0 = Debug|Any CPU
		{37F8FED9-8643-479C-AD5A-F92F921BE069}.Release|Any CPU.ActiveCfg = Release|Any CPU
		{37F8FED9-8643-479C-AD5A-F92F921BE069}.Release|Any CPU.Build.0 = Release|Any CPU
	EndGlobalSection
	GlobalSection(SolutionProperties) = preSolution
		HideSolutionNode = FALSE
	EndGlobalSection
	GlobalSection(ExtensibilityGlobals) = postSolution
		SolutionGuid = {B8531E35-2151-430C-BBDF-052DF1FE788E}
	EndGlobalSection
EndGlobal
